
Microsoft Visual Studio Solution File, Format Version 12.00
# Visual Studio Version 17
VisualStudioVersion = 17.11.35222.181
MinimumVisualStudioVersion = 10.0.40219.1
Project("{FAE04EC0-301F-11D3-BF4B-00C04F79EFBC}") = "ConsoleApp14", "ConsoleApp14\ConsoleApp14.csproj", "{BD876F6B-FDB7-48B2-9346-18FCAFC1FC4A}"
EndProject
Global
	GlobalSection(SolutionConfigurationPlatforms) = preSolution
		Debug|Any CPU = Debug|Any CPU
		Release|Any CPU = Release|Any CPU
	EndGlobalSection
	GlobalSection(ProjectConfigurationPlatforms) = postSolution
		{BD876F6B-FDB7-48B2-9346-18FCAFC1FC4A}.Debug|Any CPU.ActiveCfg = Debug|Any CPU
		{BD876F6B-FDB7-48B2-9346-18FCAFC1FC4A}.Debug|Any CPU.Build.0 = Debug|Any CPU
		{BD876F6B-FDB7-48B2-9346-18FCAFC1FC4A}.Release|Any CPU.ActiveCfg = Release|Any CPU
		{BD876F6B-FDB7-48B2-9346-18FCAFC1FC4A}.Release|Any CPU.Build.0 = Release|Any CPU
	EndGlobalSection
	GlobalSection(SolutionProperties) = preSolution
		HideSolutionNode = FALSE
	EndGlobalSection
	GlobalSection(ExtensibilityGlobals) = postSolution
		SolutionGuid = {F997B599-223C-4D7F-B6AE-84565C3A3D0C}
	EndGlobalSection
EndGlobal
